// !$*UTF8*$!
{
	archiveVersion = 1;
	classes = {
	};
	objectVersion = 46;
	objects = {

/* Begin PBXBuildFile section */
		4BFB60B61D0064CF006F9167 /* main.m in Sources */ = {isa = PBXBuildFile; fileRef = 4BFB60B51D0064CF006F9167 /* main.m */; };
		4BFB60B91D0064CF006F9167 /* AppDelegate.m in Sources */ = {isa = PBXBuildFile; fileRef = 4BFB60B81D0064CF006F9167 /* AppDelegate.m */; };
		4BFB60BC1D0064CF006F9167 /* ViewController.m in Sources */ = {isa = PBXBuildFile; fileRef = 4BFB60BB1D0064CF006F9167 /* ViewController.m */; };
		4BFB60BF1D0064CF006F9167 /* Main.storyboard in Resources */ = {isa = PBXBuildFile; fileRef = 4BFB60BD1D0064CF006F9167 /* Main.storyboard */; };
		4BFB60C11D0064CF006F9167 /* Assets.xcassets in Resources */ = {isa = PBXBuildFile; fileRef = 4BFB60C01D0064CF006F9167 /* Assets.xcassets */; };
		4BFB60C41D0064CF006F9167 /* LaunchScreen.storyboard in Resources */ = {isa = PBXBuildFile; fileRef = 4BFB60C21D0064CF006F9167 /* LaunchScreen.storyboard */; };
		4BFB60CF1D0064CF006F9167 /* TravelSafeTests.m in Sources */ = {isa = PBXBuildFile; fileRef = 4BFB60CE1D0064CF006F9167 /* TravelSafeTests.m */; };
		4BFB60DA1D0064CF006F9167 /* TravelSafeUITests.m in Sources */ = {isa = PBXBuildFile; fileRef = 4BFB60D91D0064CF006F9167 /* TravelSafeUITests.m */; };
		81277CC21D015E95006F3880 /* CurrencyUtil.m in Sources */ = {isa = PBXBuildFile; fileRef = 81277CC11D015E95006F3880 /* CurrencyUtil.m */; };
		81277CC71D0162D5006F3880 /* APIStoreSDK in Resources */ = {isa = PBXBuildFile; fileRef = 81277CC61D0162D5006F3880 /* APIStoreSDK */; };
		81277CCB1D017229006F3880 /* ErrorMaker.m in Sources */ = {isa = PBXBuildFile; fileRef = 81277CCA1D017229006F3880 /* ErrorMaker.m */; };
		81277CCD1D017921006F3880 /* libAPIStoreSDK.a in Frameworks */ = {isa = PBXBuildFile; fileRef = 81277CCC1D017921006F3880 /* libAPIStoreSDK.a */; };
		8EC3A387861B3FD59D990E1F /* libPods-TravelSafe.a in Frameworks */ = {isa = PBXBuildFile; fileRef = 25FB4A876612052F9A0F9CE0 /* libPods-TravelSafe.a */; };
/* End PBXBuildFile section */

/* Begin PBXContainerItemProxy section */
		4BFB60CB1D0064CF006F9167 /* PBXContainerItemProxy */ = {
			isa = PBXContainerItemProxy;
			containerPortal = 4BFB60A91D0064CF006F9167 /* Project object */;
			proxyType = 1;
			remoteGlobalIDString = 4BFB60B01D0064CF006F9167;
			remoteInfo = TravelSafe;
		};
		4BFB60D61D0064CF006F9167 /* PBXContainerItemProxy */ = {
			isa = PBXContainerItemProxy;
			containerPortal = 4BFB60A91D0064CF006F9167 /* Project object */;
			proxyType = 1;
			remoteGlobalIDString = 4BFB60B01D0064CF006F9167;
			remoteInfo = TravelSafe;
		};
/* End PBXContainerItemProxy section */

/* Begin PBXFileReference section */
		25FB4A876612052F9A0F9CE0 /* libPods-TravelSafe.a */ = {isa = PBXFileReference; explicitFileType = archive.ar; includeInIndex = 0; path = "libPods-TravelSafe.a"; sourceTree = BUILT_PRODUCTS_DIR; };
		4BFB60B11D0064CF006F9167 /* TravelSafe.app */ = {isa = PBXFileReference; explicitFileType = wrapper.application; includeInIndex = 0; path = TravelSafe.app; sourceTree = BUILT_PRODUCTS_DIR; };
		4BFB60B51D0064CF006F9167 /* main.m */ = {isa = PBXFileReference; lastKnownFileType = sourcecode.c.objc; path = main.m; sourceTree = "<group>"; };
		4BFB60B71D0064CF006F9167 /* AppDelegate.h */ = {isa = PBXFileReference; lastKnownFileType = sourcecode.c.h; path = AppDelegate.h; sourceTree = "<group>"; };
		4BFB60B81D0064CF006F9167 /* AppDelegate.m */ = {isa = PBXFileReference; lastKnownFileType = sourcecode.c.objc; path = AppDelegate.m; sourceTree = "<group>"; };
		4BFB60BA1D0064CF006F9167 /* ViewController.h */ = {isa = PBXFileReference; lastKnownFileType = sourcecode.c.h; path = ViewController.h; sourceTree = "<group>"; };
		4BFB60BB1D0064CF006F9167 /* ViewController.m */ = {isa = PBXFileReference; lastKnownFileType = sourcecode.c.objc; path = ViewController.m; sourceTree = "<group>"; };
		4BFB60BE1D0064CF006F9167 /* Base */ = {isa = PBXFileReference; lastKnownFileType = file.storyboard; name = Base; path = Base.lproj/Main.storyboard; sourceTree = "<group>"; };
		4BFB60C01D0064CF006F9167 /* Assets.xcassets */ = {isa = PBXFileReference; lastKnownFileType = folder.assetcatalog; path = Assets.xcassets; sourceTree = "<group>"; };
		4BFB60C31D0064CF006F9167 /* Base */ = {isa = PBXFileReference; lastKnownFileType = file.storyboard; name = Base; path = Base.lproj/LaunchScreen.storyboard; sourceTree = "<group>"; };
		4BFB60C51D0064CF006F9167 /* Info.plist */ = {isa = PBXFileReference; lastKnownFileType = text.plist.xml; path = Info.plist; sourceTree = "<group>"; };
		4BFB60CA1D0064CF006F9167 /* TravelSafeTests.xctest */ = {isa = PBXFileReference; explicitFileType = wrapper.cfbundle; includeInIndex = 0; path = TravelSafeTests.xctest; sourceTree = BUILT_PRODUCTS_DIR; };
		4BFB60CE1D0064CF006F9167 /* TravelSafeTests.m */ = {isa = PBXFileReference; lastKnownFileType = sourcecode.c.objc; path = TravelSafeTests.m; sourceTree = "<group>"; };
		4BFB60D01D0064CF006F9167 /* Info.plist */ = {isa = PBXFileReference; lastKnownFileType = text.plist.xml; path = Info.plist; sourceTree = "<group>"; };
		4BFB60D51D0064CF006F9167 /* TravelSafeUITests.xctest */ = {isa = PBXFileReference; explicitFileType = wrapper.cfbundle; includeInIndex = 0; path = TravelSafeUITests.xctest; sourceTree = BUILT_PRODUCTS_DIR; };
		4BFB60D91D0064CF006F9167 /* TravelSafeUITests.m */ = {isa = PBXFileReference; lastKnownFileType = sourcecode.c.objc; path = TravelSafeUITests.m; sourceTree = "<group>"; };
		4BFB60DB1D0064CF006F9167 /* Info.plist */ = {isa = PBXFileReference; lastKnownFileType = text.plist.xml; path = Info.plist; sourceTree = "<group>"; };
		61D88FBE6EA2D6B0BBD9CD74 /* Pods-TravelSafe.release.xcconfig */ = {isa = PBXFileReference; includeInIndex = 1; lastKnownFileType = text.xcconfig; name = "Pods-TravelSafe.release.xcconfig"; path = "Pods/Target Support Files/Pods-TravelSafe/Pods-TravelSafe.release.xcconfig"; sourceTree = "<group>"; };
		81277CC01D015E95006F3880 /* CurrencyUtil.h */ = {isa = PBXFileReference; fileEncoding = 4; lastKnownFileType = sourcecode.c.h; path = CurrencyUtil.h; sourceTree = "<group>"; };
		81277CC11D015E95006F3880 /* CurrencyUtil.m */ = {isa = PBXFileReference; fileEncoding = 4; lastKnownFileType = sourcecode.c.objc; path = CurrencyUtil.m; sourceTree = "<group>"; };
		81277CC31D0160AB006F3880 /* APIKeys.h */ = {isa = PBXFileReference; lastKnownFileType = sourcecode.c.h; path = APIKeys.h; sourceTree = "<group>"; };
		81277CC61D0162D5006F3880 /* APIStoreSDK */ = {isa = PBXFileReference; lastKnownFileType = folder; name = APIStoreSDK; path = TravelSafe/APIStoreSDK; sourceTree = "<group>"; };
		81277CC91D017229006F3880 /* ErrorMaker.h */ = {isa = PBXFileReference; fileEncoding = 4; lastKnownFileType = sourcecode.c.h; path = ErrorMaker.h; sourceTree = "<group>"; };
		81277CCA1D017229006F3880 /* ErrorMaker.m */ = {isa = PBXFileReference; fileEncoding = 4; lastKnownFileType = sourcecode.c.objc; path = ErrorMaker.m; sourceTree = "<group>"; };
		81277CCC1D017921006F3880 /* libAPIStoreSDK.a */ = {isa = PBXFileReference; lastKnownFileType = archive.ar; name = libAPIStoreSDK.a; path = TravelSafe/APIStoreSDK/libAPIStoreSDK.a; sourceTree = "<group>"; };
		E6B190B598EA3C370FA89D9B /* Pods-TravelSafe.debug.xcconfig */ = {isa = PBXFileReference; includeInIndex = 1; lastKnownFileType = text.xcconfig; name = "Pods-TravelSafe.debug.xcconfig"; path = "Pods/Target Support Files/Pods-TravelSafe/Pods-TravelSafe.debug.xcconfig"; sourceTree = "<group>"; };
/* End PBXFileReference section */

/* Begin PBXFrameworksBuildPhase section */
		4BFB60AE1D0064CF006F9167 /* Frameworks */ = {
			isa = PBXFrameworksBuildPhase;
			buildActionMask = 2147483647;
			files = (
				81277CCD1D017921006F3880 /* libAPIStoreSDK.a in Frameworks */,
				8EC3A387861B3FD59D990E1F /* libPods-TravelSafe.a in Frameworks */,
			);
			runOnlyForDeploymentPostprocessing = 0;
		};
		4BFB60C71D0064CF006F9167 /* Frameworks */ = {
			isa = PBXFrameworksBuildPhase;
			buildActionMask = 2147483647;
			files = (
			);
			runOnlyForDeploymentPostprocessing = 0;
		};
		4BFB60D21D0064CF006F9167 /* Frameworks */ = {
			isa = PBXFrameworksBuildPhase;
			buildActionMask = 2147483647;
			files = (
			);
			runOnlyForDeploymentPostprocessing = 0;
		};
/* End PBXFrameworksBuildPhase section */

/* Begin PBXGroup section */
		4BFB60A81D0064CF006F9167 = {
			isa = PBXGroup;
			children = (
				4BFB60B31D0064CF006F9167 /* TravelSafe */,
				4BFB60CD1D0064CF006F9167 /* TravelSafeTests */,
				4BFB60D81D0064CF006F9167 /* TravelSafeUITests */,
				4BFB60B21D0064CF006F9167 /* Products */,
				7FB9479A8834E98EF8655BF8 /* Pods */,
				CED264B29F3E1F5D9B225F1C /* Frameworks */,
			);
			sourceTree = "<group>";
		};
		4BFB60B21D0064CF006F9167 /* Products */ = {
			isa = PBXGroup;
			children = (
				4BFB60B11D0064CF006F9167 /* TravelSafe.app */,
				4BFB60CA1D0064CF006F9167 /* TravelSafeTests.xctest */,
				4BFB60D51D0064CF006F9167 /* TravelSafeUITests.xctest */,
			);
			name = Products;
			sourceTree = "<group>";
		};
		4BFB60B31D0064CF006F9167 /* TravelSafe */ = {
			isa = PBXGroup;
			children = (
				81277CC81D017213006F3880 /* Util */,
				81277CBD1D015D11006F3880 /* LittleTool */,
				81277CBA1D012742006F3880 /* Third */,
				4BFB60B71D0064CF006F9167 /* AppDelegate.h */,
				4BFB60B81D0064CF006F9167 /* AppDelegate.m */,
				4BFB60BA1D0064CF006F9167 /* ViewController.h */,
				4BFB60BB1D0064CF006F9167 /* ViewController.m */,
				4BFB60BD1D0064CF006F9167 /* Main.storyboard */,
				4BFB60C01D0064CF006F9167 /* Assets.xcassets */,
				4BFB60C21D0064CF006F9167 /* LaunchScreen.storyboard */,
				4BFB60C51D0064CF006F9167 /* Info.plist */,
				4BFB60B41D0064CF006F9167 /* Supporting Files */,
			);
			path = TravelSafe;
			sourceTree = "<group>";
		};
		4BFB60B41D0064CF006F9167 /* Supporting Files */ = {
			isa = PBXGroup;
			children = (
				4BFB60B51D0064CF006F9167 /* main.m */,
				81277CC31D0160AB006F3880 /* APIKeys.h */,
			);
			name = "Supporting Files";
			sourceTree = "<group>";
		};
		4BFB60CD1D0064CF006F9167 /* TravelSafeTests */ = {
			isa = PBXGroup;
			children = (
				4BFB60CE1D0064CF006F9167 /* TravelSafeTests.m */,
				4BFB60D01D0064CF006F9167 /* Info.plist */,
			);
			path = TravelSafeTests;
			sourceTree = "<group>";
		};
		4BFB60D81D0064CF006F9167 /* TravelSafeUITests */ = {
			isa = PBXGroup;
			children = (
				4BFB60D91D0064CF006F9167 /* TravelSafeUITests.m */,
				4BFB60DB1D0064CF006F9167 /* Info.plist */,
			);
			path = TravelSafeUITests;
			sourceTree = "<group>";
		};
		7FB9479A8834E98EF8655BF8 /* Pods */ = {
			isa = PBXGroup;
			children = (
				E6B190B598EA3C370FA89D9B /* Pods-TravelSafe.debug.xcconfig */,
				61D88FBE6EA2D6B0BBD9CD74 /* Pods-TravelSafe.release.xcconfig */,
			);
			name = Pods;
			sourceTree = "<group>";
		};
		81277CBA1D012742006F3880 /* Third */ = {
			isa = PBXGroup;
			children = (
				81277CC61D0162D5006F3880 /* APIStoreSDK */,
			);
			name = Third;
			path = ..;
			sourceTree = "<group>";
		};
		81277CBD1D015D11006F3880 /* LittleTool */ = {
			isa = PBXGroup;
			children = (
				81277CC01D015E95006F3880 /* CurrencyUtil.h */,
				81277CC11D015E95006F3880 /* CurrencyUtil.m */,
			);
			name = LittleTool;
			sourceTree = "<group>";
		};
		81277CC81D017213006F3880 /* Util */ = {
			isa = PBXGroup;
			children = (
				81277CC91D017229006F3880 /* ErrorMaker.h */,
				81277CCA1D017229006F3880 /* ErrorMaker.m */,
			);
			name = Util;
			sourceTree = "<group>";
		};
		CED264B29F3E1F5D9B225F1C /* Frameworks */ = {
			isa = PBXGroup;
			children = (
				81277CCC1D017921006F3880 /* libAPIStoreSDK.a */,
				25FB4A876612052F9A0F9CE0 /* libPods-TravelSafe.a */,
			);
			name = Frameworks;
			sourceTree = "<group>";
		};
/* End PBXGroup section */

/* Begin PBXNativeTarget section */
		4BFB60B01D0064CF006F9167 /* TravelSafe */ = {
			isa = PBXNativeTarget;
			buildConfigurationList = 4BFB60DE1D0064CF006F9167 /* Build configuration list for PBXNativeTarget "TravelSafe" */;
			buildPhases = (
				5A55A8854FCC08CE7D5B290D /* [CP] Check Pods Manifest.lock */,
				4BFB60AD1D0064CF006F9167 /* Sources */,
				4BFB60AE1D0064CF006F9167 /* Frameworks */,
				4BFB60AF1D0064CF006F9167 /* Resources */,
				6CBC1F48FE514CDE625B9DF7 /* [CP] Embed Pods Frameworks */,
				0FFC3EA6C29020E07A3DC679 /* [CP] Copy Pods Resources */,
			);
			buildRules = (
			);
			dependencies = (
			);
			name = TravelSafe;
			productName = TravelSafe;
			productReference = 4BFB60B11D0064CF006F9167 /* TravelSafe.app */;
			productType = "com.apple.product-type.application";
		};
		4BFB60C91D0064CF006F9167 /* TravelSafeTests */ = {
			isa = PBXNativeTarget;
			buildConfigurationList = 4BFB60E11D0064CF006F9167 /* Build configuration list for PBXNativeTarget "TravelSafeTests" */;
			buildPhases = (
				4BFB60C61D0064CF006F9167 /* Sources */,
				4BFB60C71D0064CF006F9167 /* Frameworks */,
				4BFB60C81D0064CF006F9167 /* Resources */,
			);
			buildRules = (
			);
			dependencies = (
				4BFB60CC1D0064CF006F9167 /* PBXTargetDependency */,
			);
			name = TravelSafeTests;
			productName = TravelSafeTests;
			productReference = 4BFB60CA1D0064CF006F9167 /* TravelSafeTests.xctest */;
			productType = "com.apple.product-type.bundle.unit-test";
		};
		4BFB60D41D0064CF006F9167 /* TravelSafeUITests */ = {
			isa = PBXNativeTarget;
			buildConfigurationList = 4BFB60E41D0064CF006F9167 /* Build configuration list for PBXNativeTarget "TravelSafeUITests" */;
			buildPhases = (
				4BFB60D11D0064CF006F9167 /* Sources */,
				4BFB60D21D0064CF006F9167 /* Frameworks */,
				4BFB60D31D0064CF006F9167 /* Resources */,
			);
			buildRules = (
			);
			dependencies = (
				4BFB60D71D0064CF006F9167 /* PBXTargetDependency */,
			);
			name = TravelSafeUITests;
			productName = TravelSafeUITests;
			productReference = 4BFB60D51D0064CF006F9167 /* TravelSafeUITests.xctest */;
			productType = "com.apple.product-type.bundle.ui-testing";
		};
/* End PBXNativeTarget section */

/* Begin PBXProject section */
		4BFB60A91D0064CF006F9167 /* Project object */ = {
			isa = PBXProject;
			attributes = {
				LastUpgradeCheck = 0730;
				ORGANIZATIONNAME = ezutrip;
				TargetAttributes = {
					4BFB60B01D0064CF006F9167 = {
						CreatedOnToolsVersion = 7.3.1;
					};
					4BFB60C91D0064CF006F9167 = {
						CreatedOnToolsVersion = 7.3.1;
						TestTargetID = 4BFB60B01D0064CF006F9167;
					};
					4BFB60D41D0064CF006F9167 = {
						CreatedOnToolsVersion = 7.3.1;
						TestTargetID = 4BFB60B01D0064CF006F9167;
					};
				};
			};
			buildConfigurationList = 4BFB60AC1D0064CF006F9167 /* Build configuration list for PBXProject "TravelSafe" */;
			compatibilityVersion = "Xcode 3.2";
			developmentRegion = English;
			hasScannedForEncodings = 0;
			knownRegions = (
				en,
				Base,
			);
			mainGroup = 4BFB60A81D0064CF006F9167;
			productRefGroup = 4BFB60B21D0064CF006F9167 /* Products */;
			projectDirPath = "";
			projectRoot = "";
			targets = (
				4BFB60B01D0064CF006F9167 /* TravelSafe */,
				4BFB60C91D0064CF006F9167 /* TravelSafeTests */,
				4BFB60D41D0064CF006F9167 /* TravelSafeUITests */,
			);
		};
/* End PBXProject section */

/* Begin PBXResourcesBuildPhase section */
		4BFB60AF1D0064CF006F9167 /* Resources */ = {
			isa = PBXResourcesBuildPhase;
			buildActionMask = 2147483647;
			files = (
				81277CC71D0162D5006F3880 /* APIStoreSDK in Resources */,
				4BFB60C41D0064CF006F9167 /* LaunchScreen.storyboard in Resources */,
				4BFB60C11D0064CF006F9167 /* Assets.xcassets in Resources */,
				4BFB60BF1D0064CF006F9167 /* Main.storyboard in Resources */,
			);
			runOnlyForDeploymentPostprocessing = 0;
		};
		4BFB60C81D0064CF006F9167 /* Resources */ = {
			isa = PBXResourcesBuildPhase;
			buildActionMask = 2147483647;
			files = (
			);
			runOnlyForDeploymentPostprocessing = 0;
		};
		4BFB60D31D0064CF006F9167 /* Resources */ = {
			isa = PBXResourcesBuildPhase;
			buildActionMask = 2147483647;
			files = (
			);
			runOnlyForDeploymentPostprocessing = 0;
		};
/* End PBXResourcesBuildPhase section */

/* Begin PBXShellScriptBuildPhase section */
		0FFC3EA6C29020E07A3DC679 /* [CP] Copy Pods Resources */ = {
			isa = PBXShellScriptBuildPhase;
			buildActionMask = 2147483647;
			files = (
			);
			inputPaths = (
			);
			name = "[CP] Copy Pods Resources";
			outputPaths = (
			);
			runOnlyForDeploymentPostprocessing = 0;
			shellPath = /bin/sh;
			shellScript = "\"${SRCROOT}/Pods/Target Support Files/Pods-TravelSafe/Pods-TravelSafe-resources.sh\"\n";
			showEnvVarsInLog = 0;
		};
		5A55A8854FCC08CE7D5B290D /* [CP] Check Pods Manifest.lock */ = {
			isa = PBXShellScriptBuildPhase;
			buildActionMask = 2147483647;
			files = (
			);
			inputPaths = (
			);
			name = "[CP] Check Pods Manifest.lock";
			outputPaths = (
			);
			runOnlyForDeploymentPostprocessing = 0;
			shellPath = /bin/sh;
			shellScript = "diff \"${PODS_ROOT}/../Podfile.lock\" \"${PODS_ROOT}/Manifest.lock\" > /dev/null\nif [[ $? != 0 ]] ; then\n    cat << EOM\nerror: The sandbox is not in sync with the Podfile.lock. Run 'pod install' or update your CocoaPods installation.\nEOM\n    exit 1\nfi\n";
			showEnvVarsInLog = 0;
		};
		6CBC1F48FE514CDE625B9DF7 /* [CP] Embed Pods Frameworks */ = {
			isa = PBXShellScriptBuildPhase;
			buildActionMask = 2147483647;
			files = (
			);
			inputPaths = (
			);
			name = "[CP] Embed Pods Frameworks";
			outputPaths = (
			);
			runOnlyForDeploymentPostprocessing = 0;
			shellPath = /bin/sh;
			shellScript = "\"${SRCROOT}/Pods/Target Support Files/Pods-TravelSafe/Pods-TravelSafe-frameworks.sh\"\n";
			showEnvVarsInLog = 0;
		};
/* End PBXShellScriptBuildPhase section */

/* Begin PBXSourcesBuildPhase section */
		4BFB60AD1D0064CF006F9167 /* Sources */ = {
			isa = PBXSourcesBuildPhase;
			buildActionMask = 2147483647;
			files = (
				4BFB60BC1D0064CF006F9167 /* ViewController.m in Sources */,
				4BFB60B91D0064CF006F9167 /* AppDelegate.m in Sources */,
				81277CCB1D017229006F3880 /* ErrorMaker.m in Sources */,
				81277CC21D015E95006F3880 /* CurrencyUtil.m in Sources */,
				4BFB60B61D0064CF006F9167 /* main.m in Sources */,
			);
			runOnlyForDeploymentPostprocessing = 0;
		};
		4BFB60C61D0064CF006F9167 /* Sources */ = {
			isa = PBXSourcesBuildPhase;
			buildActionMask = 2147483647;
			files = (
				4BFB60CF1D0064CF006F9167 /* TravelSafeTests.m in Sources */,
			);
			runOnlyForDeploymentPostprocessing = 0;
		};
		4BFB60D11D0064CF006F9167 /* Sources */ = {
			isa = PBXSourcesBuildPhase;
			buildActionMask = 2147483647;
			files = (
				4BFB60DA1D0064CF006F9167 /* TravelSafeUITests.m in Sources */,
			);
			runOnlyForDeploymentPostprocessing = 0;
		};
/* End PBXSourcesBuildPhase section */

/* Begin PBXTargetDependency section */
		4BFB60CC1D0064CF006F9167 /* PBXTargetDependency */ = {
			isa = PBXTargetDependency;
			target = 4BFB60B01D0064CF006F9167 /* TravelSafe */;
			targetProxy = 4BFB60CB1D0064CF006F9167 /* PBXContainerItemProxy */;
		};
		4BFB60D71D0064CF006F9167 /* PBXTargetDependency */ = {
			isa = PBXTargetDependency;
			target = 4BFB60B01D0064CF006F9167 /* TravelSafe */;
			targetProxy = 4BFB60D61D0064CF006F9167 /* PBXContainerItemProxy */;
		};
/* End PBXTargetDependency section */

/* Begin PBXVariantGroup section */
		4BFB60BD1D0064CF006F9167 /* Main.storyboard */ = {
			isa = PBXVariantGroup;
			children = (
				4BFB60BE1D0064CF006F9167 /* Base */,
			);
			name = Main.storyboard;
			sourceTree = "<group>";
		};
		4BFB60C21D0064CF006F9167 /* LaunchScreen.storyboard */ = {
			isa = PBXVariantGroup;
			children = (
				4BFB60C31D0064CF006F9167 /* Base */,
			);
			name = LaunchScreen.storyboard;
			sourceTree = "<group>";
		};
/* End PBXVariantGroup section */

/* Begin XCBuildConfiguration section */
		4BFB60DC1D0064CF006F9167 /* Debug */ = {
			isa = XCBuildConfiguration;
			buildSettings = {
				ALWAYS_SEARCH_USER_PATHS = NO;
				CLANG_ANALYZER_NONNULL = YES;
				CLANG_CXX_LANGUAGE_STANDARD = "gnu++0x";
				CLANG_CXX_LIBRARY = "libc++";
				CLANG_ENABLE_MODULES = YES;
				CLANG_ENABLE_OBJC_ARC = YES;
				CLANG_WARN_BOOL_CONVERSION = YES;
				CLANG_WARN_CONSTANT_CONVERSION = YES;
				CLANG_WARN_DIRECT_OBJC_ISA_USAGE = YES_ERROR;
				CLANG_WARN_EMPTY_BODY = YES;
				CLANG_WARN_ENUM_CONVERSION = YES;
				CLANG_WARN_INT_CONVERSION = YES;
				CLANG_WARN_OBJC_ROOT_CLASS = YES_ERROR;
				CLANG_WARN_UNREACHABLE_CODE = YES;
				CLANG_WARN__DUPLICATE_METHOD_MATCH = YES;
				"CODE_SIGN_IDENTITY[sdk=iphoneos*]" = "iPhone Developer";
				COPY_PHASE_STRIP = NO;
				DEBUG_INFORMATION_FORMAT = dwarf;
				ENABLE_STRICT_OBJC_MSGSEND = YES;
				ENABLE_TESTABILITY = YES;
				GCC_C_LANGUAGE_STANDARD = gnu99;
				GCC_DYNAMIC_NO_PIC = NO;
				GCC_NO_COMMON_BLOCKS = YES;
				GCC_OPTIMIZATION_LEVEL = 0;
				GCC_PREPROCESSOR_DEFINITIONS = (
					"DEBUG=1",
					"$(inherited)",
				);
				GCC_WARN_64_TO_32_BIT_CONVERSION = YES;
				GCC_WARN_ABOUT_RETURN_TYPE = YES_ERROR;
				GCC_WARN_UNDECLARED_SELECTOR = YES;
				GCC_WARN_UNINITIALIZED_AUTOS = YES_AGGRESSIVE;
				GCC_WARN_UNUSED_FUNCTION = YES;
				GCC_WARN_UNUSED_VARIABLE = YES;
				IPHONEOS_DEPLOYMENT_TARGET = 9.3;
				MTL_ENABLE_DEBUG_INFO = YES;
				ONLY_ACTIVE_ARCH = YES;
				SDKROOT = iphoneos;
			};
			name = Debug;
		};
		4BFB60DD1D0064CF006F9167 /* Release */ = {
			isa = XCBuildConfiguration;
			buildSettings = {
				ALWAYS_SEARCH_USER_PATHS = NO;
				CLANG_ANALYZER_NONNULL = YES;
				CLANG_CXX_LANGUAGE_STANDARD = "gnu++0x";
				CLANG_CXX_LIBRARY = "libc++";
				CLANG_ENABLE_MODULES = YES;
				CLANG_ENABLE_OBJC_ARC = YES;
				CLANG_WARN_BOOL_CONVERSION = YES;
				CLANG_WARN_CONSTANT_CONVERSION = YES;
				CLANG_WARN_DIRECT_OBJC_ISA_USAGE = YES_ERROR;
				CLANG_WARN_EMPTY_BODY = YES;
				CLANG_WARN_ENUM_CONVERSION = YES;
				CLANG_WARN_INT_CONVERSION = YES;
				CLANG_WARN_OBJC_ROOT_CLASS = YES_ERROR;
				CLANG_WARN_UNREACHABLE_CODE = YES;
				CLANG_WARN__DUPLICATE_METHOD_MATCH = YES;
				"CODE_SIGN_IDENTITY[sdk=iphoneos*]" = "iPhone Developer";
				COPY_PHASE_STRIP = NO;
				DEBUG_INFORMATION_FORMAT = "dwarf-with-dsym";
				ENABLE_NS_ASSERTIONS = NO;
				ENABLE_STRICT_OBJC_MSGSEND = YES;
				GCC_C_LANGUAGE_STANDARD = gnu99;
				GCC_NO_COMMON_BLOCKS = YES;
				GCC_WARN_64_TO_32_BIT_CONVERSION = YES;
				GCC_WARN_ABOUT_RETURN_TYPE = YES_ERROR;
				GCC_WARN_UNDECLARED_SELECTOR = YES;
				GCC_WARN_UNINITIALIZED_AUTOS = YES_AGGRESSIVE;
				GCC_WARN_UNUSED_FUNCTION = YES;
				GCC_WARN_UNUSED_VARIABLE = YES;
				IPHONEOS_DEPLOYMENT_TARGET = 9.3;
				MTL_ENABLE_DEBUG_INFO = NO;
				SDKROOT = iphoneos;
				VALIDATE_PRODUCT = YES;
			};
			name = Release;
		};
		4BFB60DF1D0064CF006F9167 /* Debug */ = {
			isa = XCBuildConfiguration;
			baseConfigurationReference = E6B190B598EA3C370FA89D9B /* Pods-TravelSafe.debug.xcconfig */;
			buildSettings = {
				ASSETCATALOG_COMPILER_APPICON_NAME = AppIcon;
				CODE_SIGN_IDENTITY = "iPhone Developer";
				HEADER_SEARCH_PATHS = (
					"$(inherited)",
					"\"${PODS_ROOT}/Headers/Public\"",
					"\"${PODS_ROOT}/Headers/Public/AFNetworking\"",
					"\"${PODS_ROOT}/Headers/Public/SDWebImage\"",
					"\"$(SRCROOT)/TravelSafe/APIStoreSDK\"",
				);
				INFOPLIST_FILE = TravelSafe/Info.plist;
				IPHONEOS_DEPLOYMENT_TARGET = 8.0;
				LD_RUNPATH_SEARCH_PATHS = "$(inherited) @executable_path/Frameworks";
				LIBRARY_SEARCH_PATHS = (
					"$(inherited)",
					"\"$PODS_CONFIGURATION_BUILD_DIR/AFNetworking\"",
					"\"$PODS_CONFIGURATION_BUILD_DIR/SDWebImage\"",
					"$(PROJECT_DIR)/TravelSafe/APIStoreSDK",
				);
				PRODUCT_BUNDLE_IDENTIFIER = com.ezutrip.TravelSafe;
				PRODUCT_NAME = "$(TARGET_NAME)";
				TARGETED_DEVICE_FAMILY = 1;
			};
			name = Debug;
		};
		4BFB60E01D0064CF006F9167 /* Release */ = {
			isa = XCBuildConfiguration;
			baseConfigurationReference = 61D88FBE6EA2D6B0BBD9CD74 /* Pods-TravelSafe.release.xcconfig */;
			buildSettings = {
				ASSETCATALOG_COMPILER_APPICON_NAME = AppIcon;
				CODE_SIGN_IDENTITY = "iPhone Developer";
				HEADER_SEARCH_PATHS = (
					"$(inherited)",
					"\"${PODS_ROOT}/Headers/Public\"",
					"\"${PODS_ROOT}/Headers/Public/AFNetworking\"",
					"\"${PODS_ROOT}/Headers/Public/SDWebImage\"",
					"\"$(SRCROOT)/TravelSafe/APIStoreSDK\"",
				);
				INFOPLIST_FILE = TravelSafe/Info.plist;
				IPHONEOS_DEPLOYMENT_TARGET = 8.0;
				LD_RUNPATH_SEARCH_PATHS = "$(inherited) @executable_path/Frameworks";
				LIBRARY_SEARCH_PATHS = (
					"$(inherited)",
					"\"$PODS_CONFIGURATION_BUILD_DIR/AFNetworking\"",
					"\"$PODS_CONFIGURATION_BUILD_DIR/SDWebImage\"",
					"$(PROJECT_DIR)/TravelSafe/APIStoreSDK",
				);
				PRODUCT_BUNDLE_IDENTIFIER = com.ezutrip.TravelSafe;
				PRODUCT_NAME = "$(TARGET_NAME)";
				TARGETED_DEVICE_FAMILY = 1;
			};
			name = Release;
		};
		4BFB60E21D0064CF006F9167 /* Debug */ = {
			isa = XCBuildConfiguration;
			buildSettings = {
				BUNDLE_LOADER = "$(TEST_HOST)";
				INFOPLIST_FILE = TravelSafeTests/Info.plist;
				LD_RUNPATH_SEARCH_PATHS = "$(inherited) @executable_path/Frameworks @loader_path/Frameworks";
				PRODUCT_BUNDLE_IDENTIFIER = com.ezutrip.TravelSafeTests;
				PRODUCT_NAME = "$(TARGET_NAME)";
				TEST_HOST = "$(BUILT_PRODUCTS_DIR)/TravelSafe.app/TravelSafe";
			};
			name = Debug;
		};
		4BFB60E31D0064CF006F9167 /* Release */ = {
			isa = XCBuildConfiguration;
			buildSettings = {
				BUNDLE_LOADER = "$(TEST_HOST)";
				INFOPLIST_FILE = TravelSafeTests/Info.plist;
				LD_RUNPATH_SEARCH_PATHS = "$(inherited) @executable_path/Frameworks @loader_path/Frameworks";
				PRODUCT_BUNDLE_IDENTIFIER = com.ezutrip.TravelSafeTests;
				PRODUCT_NAME = "$(TARGET_NAME)";
				TEST_HOST = "$(BUILT_PRODUCTS_DIR)/TravelSafe.app/TravelSafe";
			};
			name = Release;
		};
		4BFB60E51D0064CF006F9167 /* Debug */ = {
			isa = XCBuildConfiguration;
			buildSettings = {
				INFOPLIST_FILE = TravelSafeUITests/Info.plist;
				LD_RUNPATH_SEARCH_PATHS = "$(inherited) @executable_path/Frameworks @loader_path/Frameworks";
				PRODUCT_BUNDLE_IDENTIFIER = com.ezutrip.TravelSafeUITests;
				PRODUCT_NAME = "$(TARGET_NAME)";
				TEST_TARGET_NAME = TravelSafe;
			};
			name = Debug;
		};
		4BFB60E61D0064CF006F9167 /* Release */ = {
			isa = XCBuildConfiguration;
			buildSettings = {
				INFOPLIST_FILE = TravelSafeUITests/Info.plist;
				LD_RUNPATH_SEARCH_PATHS = "$(inherited) @executable_path/Frameworks @loader_path/Frameworks";
				PRODUCT_BUNDLE_IDENTIFIER = com.ezutrip.TravelSafeUITests;
				PRODUCT_NAME = "$(TARGET_NAME)";
				TEST_TARGET_NAME = TravelSafe;
			};
			name = Release;
		};
/* End XCBuildConfiguration section */

/* Begin XCConfigurationList section */
		4BFB60AC1D0064CF006F9167 /* Build configuration list for PBXProject "TravelSafe" */ = {
			isa = XCConfigurationList;
			buildConfigurations = (
				4BFB60DC1D0064CF006F9167 /* Debug */,
				4BFB60DD1D0064CF006F9167 /* Release */,
			);
			defaultConfigurationIsVisible = 0;
			defaultConfigurationName = Release;
		};
		4BFB60DE1D0064CF006F9167 /* Build configuration list for PBXNativeTarget "TravelSafe" */ = {
			isa = XCConfigurationList;
			buildConfigurations = (
				4BFB60DF1D0064CF006F9167 /* Debug */,
				4BFB60E01D0064CF006F9167 /* Release */,
			);
			defaultConfigurationIsVisible = 0;
			defaultConfigurationName = Release;
		};
		4BFB60E11D0064CF006F9167 /* Build configuration list for PBXNativeTarget "TravelSafeTests" */ = {
			isa = XCConfigurationList;
			buildConfigurations = (
				4BFB60E21D0064CF006F9167 /* Debug */,
				4BFB60E31D0064CF006F9167 /* Release */,
			);
			defaultConfigurationIsVisible = 0;
			defaultConfigurationName = Release;
		};
		4BFB60E41D0064CF006F9167 /* Build configuration list for PBXNativeTarget "TravelSafeUITests" */ = {
			isa = XCConfigurationList;
			buildConfigurations = (
				4BFB60E51D0064CF006F9167 /* Debug */,
				4BFB60E61D0064CF006F9167 /* Release */,
			);
			defaultConfigurationIsVisible = 0;
			defaultConfigurationName = Release;
		};
/* End XCConfigurationList section */
	};
	rootObject = 4BFB60A91D0064CF006F9167 /* Project object */;
}
